
Microsoft Visual Studio Solution File, Format Version 12.00
# Visual Studio Version 17
VisualStudioVersion = 17.13.35828.75
MinimumVisualStudioVersion = 10.0.40219.1
Project("{FAE04EC0-301F-11D3-BF4B-00C04F79EFBC}") = "MimtestApi", "Mimtest\MimtestApi.csproj", "{DBE2419B-1D36-45BE-97D1-20B898987ACC}"
EndProject
Project("{FAE04EC0-301F-11D3-BF4B-00C04F79EFBC}") = "MimtestBlazor", "MimtestBlazor\MimtestBlazor.csproj", "{FAAC465B-30D0-46CC-A33B-73A81565C169}"
EndProject
Global
	GlobalSection(SolutionConfigurationPlatforms) = preSolution
		Debug|Any CPU = Debug|Any CPU
		Release|Any CPU = Release|Any CPU
	EndGlobalSection
	GlobalSection(ProjectConfigurationPlatforms) = postSolution
		{DBE2419B-1D36-45BE-97D1-20B898987ACC}.Debug|Any CPU.ActiveCfg = Debug|Any CPU
		{DBE2419B-1D36-45BE-97D1-20B898987ACC}.Debug|Any CPU.Build.0 = Debug|Any CPU
		{DBE2419B-1D36-45BE-97D1-20B898987ACC}.Release|Any CPU.ActiveCfg = Release|Any CPU
		{DBE2419B-1D36-45BE-97D1-20B898987ACC}.Release|Any CPU.Build.0 = Release|Any CPU
		{FAAC465B-30D0-46CC-A33B-73A81565C169}.Debug|Any CPU.ActiveCfg = Debug|Any CPU
		{FAAC465B-30D0-46CC-A33B-73A81565C169}.Debug|Any CPU.Build.0 = Debug|Any CPU
		{FAAC465B-30D0-46CC-A33B-73A81565C169}.Release|Any CPU.ActiveCfg = Release|Any CPU
		{FAAC465B-30D0-46CC-A33B-73A81565C169}.Release|Any CPU.Build.0 = Release|Any CPU
	EndGlobalSection
	GlobalSection(SolutionProperties) = preSolution
		HideSolutionNode = FALSE
	EndGlobalSection
	GlobalSection(ExtensibilityGlobals) = postSolution
		SolutionGuid = {1FFDA1E9-DF7F-4700-8D8F-220F47FBBACB}
	EndGlobalSection
EndGlobal
